
Microsoft Visual Studio Solution File, Format Version 12.00
# Visual Studio Version 16
VisualStudioVersion = 16.0.32002.261
MinimumVisualStudioVersion = 10.0.40219.1
Project("{FAE04EC0-301F-11D3-BF4B-00C04F79EFBC}") = "M2Assignment", "M2Assignment.csproj", "{FF1FEA05-86D6-4280-82C1-22483BE49F2F}"
EndProject
Global
	GlobalSection(SolutionConfigurationPlatforms) = preSolution
		Debug|Any CPU = Debug|Any CPU
		Release|Any CPU = Release|Any CPU
	EndGlobalSection
	GlobalSection(ProjectConfigurationPlatforms) = postSolution
		{FF1FEA05-86D6-4280-82C1-22483BE49F2F}.Debug|Any CPU.ActiveCfg = Debug|Any CPU
		{FF1FEA05-86D6-4280-82C1-22483BE49F2F}.Debug|Any CPU.Build.0 = Debug|Any CPU
		{FF1FEA05-86D6-4280-82C1-22483BE49F2F}.Release|Any CPU.ActiveCfg = Release|Any CPU
		{FF1FEA05-86D6-4280-82C1-22483BE49F2F}.Release|Any CPU.Build.0 = Release|Any CPU
	EndGlobalSection
	GlobalSection(SolutionProperties) = preSolution
		HideSolutionNode = FALSE
	EndGlobalSection
	GlobalSection(ExtensibilityGlobals) = postSolution
		SolutionGuid = {A863E70B-6B08-4020-B74C-D8F7323EE203}
	EndGlobalSection
EndGlobal
